// !$*UTF8*$!
{
	archiveVersion = 1;
	classes = {
	};
	objectVersion = 50;
	objects = {

/* Begin PBXBuildFile section */
		8234ABCB215BDE22007FAA8F /* AppDelegate.swift in Sources */ = {isa = PBXBuildFile; fileRef = 8234ABCA215BDE22007FAA8F /* AppDelegate.swift */; };
		8234ABCD215BDE22007FAA8F /* SooToDoViewController.swift in Sources */ = {isa = PBXBuildFile; fileRef = 8234ABCC215BDE22007FAA8F /* SooToDoViewController.swift */; };
		8234ABD0215BDE22007FAA8F /* Main.storyboard in Resources */ = {isa = PBXBuildFile; fileRef = 8234ABCE215BDE22007FAA8F /* Main.storyboard */; };
		8234ABD2215BDE24007FAA8F /* Assets.xcassets in Resources */ = {isa = PBXBuildFile; fileRef = 8234ABD1215BDE24007FAA8F /* Assets.xcassets */; };
		8234ABD5215BDE24007FAA8F /* LaunchScreen.storyboard in Resources */ = {isa = PBXBuildFile; fileRef = 8234ABD3215BDE24007FAA8F /* LaunchScreen.storyboard */; };
		82381F7F21625B4900B7821D /* Item.swift in Sources */ = {isa = PBXBuildFile; fileRef = 82381F7E21625B4900B7821D /* Item.swift */; };
/* End PBXBuildFile section */

/* Begin PBXFileReference section */
		8234ABC7215BDE22007FAA8F /* SooToDo.app */ = {isa = PBXFileReference; explicitFileType = wrapper.application; includeInIndex = 0; path = SooToDo.app; sourceTree = BUILT_PRODUCTS_DIR; };
		8234ABCA215BDE22007FAA8F /* AppDelegate.swift */ = {isa = PBXFileReference; lastKnownFileType = sourcecode.swift; path = AppDelegate.swift; sourceTree = "<group>"; };
		8234ABCC215BDE22007FAA8F /* SooToDoViewController.swift */ = {isa = PBXFileReference; lastKnownFileType = sourcecode.swift; path = SooToDoViewController.swift; sourceTree = "<group>"; };
		8234ABCF215BDE22007FAA8F /* Base */ = {isa = PBXFileReference; lastKnownFileType = file.storyboard; name = Base; path = Base.lproj/Main.storyboard; sourceTree = "<group>"; };
		8234ABD1215BDE24007FAA8F /* Assets.xcassets */ = {isa = PBXFileReference; lastKnownFileType = folder.assetcatalog; path = Assets.xcassets; sourceTree = "<group>"; };
		8234ABD4215BDE24007FAA8F /* Base */ = {isa = PBXFileReference; lastKnownFileType = file.storyboard; name = Base; path = Base.lproj/LaunchScreen.storyboard; sourceTree = "<group>"; };
		8234ABD6215BDE24007FAA8F /* Info.plist */ = {isa = PBXFileReference; lastKnownFileType = text.plist.xml; path = Info.plist; sourceTree = "<group>"; };
		82381F7E21625B4900B7821D /* Item.swift */ = {isa = PBXFileReference; lastKnownFileType = sourcecode.swift; path = Item.swift; sourceTree = "<group>"; };
/* End PBXFileReference section */

/* Begin PBXFrameworksBuildPhase section */
		8234ABC4215BDE22007FAA8F /* Frameworks */ = {
			isa = PBXFrameworksBuildPhase;
			buildActionMask = 2147483647;
			files = (
			);
			runOnlyForDeploymentPostprocessing = 0;
		};
/* End PBXFrameworksBuildPhase section */

/* Begin PBXGroup section */
		8234ABBE215BDE22007FAA8F = {
			isa = PBXGroup;
			children = (
				8234ABC9215BDE22007FAA8F /* SooToDo */,
				8234ABC8215BDE22007FAA8F /* Products */,
			);
			sourceTree = "<group>";
		};
		8234ABC8215BDE22007FAA8F /* Products */ = {
			isa = PBXGroup;
			children = (
				8234ABC7215BDE22007FAA8F /* SooToDo.app */,
			);
			name = Products;
			sourceTree = "<group>";
		};
		8234ABC9215BDE22007FAA8F /* SooToDo */ = {
			isa = PBXGroup;
			children = (
				8234ABCA215BDE22007FAA8F /* AppDelegate.swift */,
				82381F8221625B9F00B7821D /* Controllers */,
				82381F8021625B4F00B7821D /* DataModel */,
				82381F8121625B7E00B7821D /* Views */,
				8234ABD1215BDE24007FAA8F /* Assets.xcassets */,
				8234ABD6215BDE24007FAA8F /* Info.plist */,
			);
			path = SooToDo;
			sourceTree = "<group>";
		};
		82381F8021625B4F00B7821D /* DataModel */ = {
			isa = PBXGroup;
			children = (
				82381F7E21625B4900B7821D /* Item.swift */,
			);
			path = DataModel;
			sourceTree = "<group>";
		};
		82381F8121625B7E00B7821D /* Views */ = {
			isa = PBXGroup;
			children = (
				8234ABD3215BDE24007FAA8F /* LaunchScreen.storyboard */,
				8234ABCE215BDE22007FAA8F /* Main.storyboard */,
			);
			path = Views;
			sourceTree = "<group>";
		};
		82381F8221625B9F00B7821D /* Controllers */ = {
			isa = PBXGroup;
			children = (
				8234ABCC215BDE22007FAA8F /* SooToDoViewController.swift */,
			);
			path = Controllers;
			sourceTree = "<group>";
		};
/* End PBXGroup section */

/* Begin PBXNativeTarget section */
		8234ABC6215BDE22007FAA8F /* SooToDo */ = {
			isa = PBXNativeTarget;
			buildConfigurationList = 8234ABD9215BDE24007FAA8F /* Build configuration list for PBXNativeTarget "SooToDo" */;
			buildPhases = (
				8234ABC3215BDE22007FAA8F /* Sources */,
				8234ABC4215BDE22007FAA8F /* Frameworks */,
				8234ABC5215BDE22007FAA8F /* Resources */,
			);
			buildRules = (
			);
			dependencies = (
			);
			name = SooToDo;
			productName = SooToDo;
			productReference = 8234ABC7215BDE22007FAA8F /* SooToDo.app */;
			productType = "com.apple.product-type.application";
		};
/* End PBXNativeTarget section */

/* Begin PBXProject section */
		8234ABBF215BDE22007FAA8F /* Project object */ = {
			isa = PBXProject;
			attributes = {
				LastSwiftUpdateCheck = 0940;
				LastUpgradeCheck = 0940;
				ORGANIZATIONNAME = "Ryan Parrett";
				TargetAttributes = {
					8234ABC6215BDE22007FAA8F = {
						CreatedOnToolsVersion = 9.4.1;
					};
				};
			};
			buildConfigurationList = 8234ABC2215BDE22007FAA8F /* Build configuration list for PBXProject "SooToDo" */;
			compatibilityVersion = "Xcode 9.3";
			developmentRegion = en;
			hasScannedForEncodings = 0;
			knownRegions = (
				en,
				Base,
			);
			mainGroup = 8234ABBE215BDE22007FAA8F;
			productRefGroup = 8234ABC8215BDE22007FAA8F /* Products */;
			projectDirPath = "";
			projectRoot = "";
			targets = (
				8234ABC6215BDE22007FAA8F /* SooToDo */,
			);
		};
/* End PBXProject section */

/* Begin PBXResourcesBuildPhase section */
		8234ABC5215BDE22007FAA8F /* Resources */ = {
			isa = PBXResourcesBuildPhase;
			buildActionMask = 2147483647;
			files = (
				8234ABD5215BDE24007FAA8F /* LaunchScreen.storyboard in Resources */,
				8234ABD2215BDE24007FAA8F /* Assets.xcassets in Resources */,
				8234ABD0215BDE22007FAA8F /* Main.storyboard in Resources */,
			);
			runOnlyForDeploymentPostprocessing = 0;
		};
/* End PBXResourcesBuildPhase section */

/* Begin PBXSourcesBuildPhase section */
		8234ABC3215BDE22007FAA8F /* Sources */ = {
			isa = PBXSourcesBuildPhase;
			buildActionMask = 2147483647;
			files = (
				8234ABCD215BDE22007FAA8F /* SooToDoViewController.swift in Sources */,
				82381F7F21625B4900B7821D /* Item.swift in Sources */,
				8234ABCB215BDE22007FAA8F /* AppDelegate.swift in Sources */,
			);
			runOnlyForDeploymentPostprocessing = 0;
		};
/* End PBXSourcesBuildPhase section */

/* Begin PBXVariantGroup section */
		8234ABCE215BDE22007FAA8F /* Main.storyboard */ = {
			isa = PBXVariantGroup;
			children = (
				8234ABCF215BDE22007FAA8F /* Base */,
			);
			name = Main.storyboard;
			sourceTree = "<group>";
		};
		8234ABD3215BDE24007FAA8F /* LaunchScreen.storyboard */ = {
			isa = PBXVariantGroup;
			children = (
				8234ABD4215BDE24007FAA8F /* Base */,
			);
			name = LaunchScreen.storyboard;
			sourceTree = "<group>";
		};
/* End PBXVariantGroup section */

/* Begin XCBuildConfiguration section */
		8234ABD7215BDE24007FAA8F /* Debug */ = {
			isa = XCBuildConfiguration;
			buildSettings = {
				ALWAYS_SEARCH_USER_PATHS = NO;
				CLANG_ANALYZER_NONNULL = YES;
				CLANG_ANALYZER_NUMBER_OBJECT_CONVERSION = YES_AGGRESSIVE;
				CLANG_CXX_LANGUAGE_STANDARD = "gnu++14";
				CLANG_CXX_LIBRARY = "libc++";
				CLANG_ENABLE_MODULES = YES;
				CLANG_ENABLE_OBJC_ARC = YES;
				CLANG_ENABLE_OBJC_WEAK = YES;
				CLANG_WARN_BLOCK_CAPTURE_AUTORELEASING = YES;
				CLANG_WARN_BOOL_CONVERSION = YES;
				CLANG_WARN_COMMA = YES;
				CLANG_WARN_CONSTANT_CONVERSION = YES;
				CLANG_WARN_DEPRECATED_OBJC_IMPLEMENTATIONS = YES;
				CLANG_WARN_DIRECT_OBJC_ISA_USAGE = YES_ERROR;
				CLANG_WARN_DOCUMENTATION_COMMENTS = YES;
				CLANG_WARN_EMPTY_BODY = YES;
				CLANG_WARN_ENUM_CONVERSION = YES;
				CLANG_WARN_INFINITE_RECURSION = YES;
				CLANG_WARN_INT_CONVERSION = YES;
				CLANG_WARN_NON_LITERAL_NULL_CONVERSION = YES;
				CLANG_WARN_OBJC_IMPLICIT_RETAIN_SELF = YES;
				CLANG_WARN_OBJC_LITERAL_CONVERSION = YES;
				CLANG_WARN_OBJC_ROOT_CLASS = YES_ERROR;
				CLANG_WARN_RANGE_LOOP_ANALYSIS = YES;
				CLANG_WARN_STRICT_PROTOTYPES = YES;
				CLANG_WARN_SUSPICIOUS_MOVE = YES;
				CLANG_WARN_UNGUARDED_AVAILABILITY = YES_AGGRESSIVE;
				CLANG_WARN_UNREACHABLE_CODE = YES;
				CLANG_WARN__DUPLICATE_METHOD_MATCH = YES;
				CODE_SIGN_IDENTITY = "iPhone Developer";
				COPY_PHASE_STRIP = NO;
				DEBUG_INFORMATION_FORMAT = dwarf;
				ENABLE_STRICT_OBJC_MSGSEND = YES;
				ENABLE_TESTABILITY = YES;
				GCC_C_LANGUAGE_STANDARD = gnu11;
				GCC_DYNAMIC_NO_PIC = NO;
				GCC_NO_COMMON_BLOCKS = YES;
				GCC_OPTIMIZATION_LEVEL = 0;
				GCC_PREPROCESSOR_DEFINITIONS = (
					"DEBUG=1",
					"$(inherited)",
				);
				GCC_WARN_64_TO_32_BIT_CONVERSION = YES;
				GCC_WARN_ABOUT_RETURN_TYPE = YES_ERROR;
				GCC_WARN_UNDECLARED_SELECTOR = YES;
				GCC_WARN_UNINITIALIZED_AUTOS = YES_AGGRESSIVE;
				GCC_WARN_UNUSED_FUNCTION = YES;
				GCC_WARN_UNUSED_VARIABLE = YES;
				IPHONEOS_DEPLOYMENT_TARGET = 11.4;
				MTL_ENABLE_DEBUG_INFO = YES;
				ONLY_ACTIVE_ARCH = YES;
				SDKROOT = iphoneos;
				SWIFT_ACTIVE_COMPILATION_CONDITIONS = DEBUG;
				SWIFT_OPTIMIZATION_LEVEL = "-Onone";
			};
			name = Debug;
		};
		8234ABD8215BDE24007FAA8F /* Release */ = {
			isa = XCBuildConfiguration;
			buildSettings = {
				ALWAYS_SEARCH_USER_PATHS = NO;
				CLANG_ANALYZER_NONNULL = YES;
				CLANG_ANALYZER_NUMBER_OBJECT_CONVERSION = YES_AGGRESSIVE;
				CLANG_CXX_LANGUAGE_STANDARD = "gnu++14";
				CLANG_CXX_LIBRARY = "libc++";
				CLANG_ENABLE_MODULES = YES;
				CLANG_ENABLE_OBJC_ARC = YES;
				CLANG_ENABLE_OBJC_WEAK = YES;
				CLANG_WARN_BLOCK_CAPTURE_AUTORELEASING = YES;
				CLANG_WARN_BOOL_CONVERSION = YES;
				CLANG_WARN_COMMA = YES;
				CLANG_WARN_CONSTANT_CONVERSION = YES;
				CLANG_WARN_DEPRECATED_OBJC_IMPLEMENTATIONS = YES;
				CLANG_WARN_DIRECT_OBJC_ISA_USAGE = YES_ERROR;
				CLANG_WARN_DOCUMENTATION_COMMENTS = YES;
				CLANG_WARN_EMPTY_BODY = YES;
				CLANG_WARN_ENUM_CONVERSION = YES;
				CLANG_WARN_INFINITE_RECURSION = YES;
				CLANG_WARN_INT_CONVERSION = YES;
				CLANG_WARN_NON_LITERAL_NULL_CONVERSION = YES;
				CLANG_WARN_OBJC_IMPLICIT_RETAIN_SELF = YES;
				CLANG_WARN_OBJC_LITERAL_CONVERSION = YES;
				CLANG_WARN_OBJC_ROOT_CLASS = YES_ERROR;
				CLANG_WARN_RANGE_LOOP_ANALYSIS = YES;
				CLANG_WARN_STRICT_PROTOTYPES = YES;
				CLANG_WARN_SUSPICIOUS_MOVE = YES;
				CLANG_WARN_UNGUARDED_AVAILABILITY = YES_AGGRESSIVE;
				CLANG_WARN_UNREACHABLE_CODE = YES;
				CLANG_WARN__DUPLICATE_METHOD_MATCH = YES;
				CODE_SIGN_IDENTITY = "iPhone Developer";
				COPY_PHASE_STRIP = NO;
				DEBUG_INFORMATION_FORMAT = "dwarf-with-dsym";
				ENABLE_NS_ASSERTIONS = NO;
				ENABLE_STRICT_OBJC_MSGSEND = YES;
				GCC_C_LANGUAGE_STANDARD = gnu11;
				GCC_NO_COMMON_BLOCKS = YES;
				GCC_WARN_64_TO_32_BIT_CONVERSION = YES;
				GCC_WARN_ABOUT_RETURN_TYPE = YES_ERROR;
				GCC_WARN_UNDECLARED_SELECTOR = YES;
				GCC_WARN_UNINITIALIZED_AUTOS = YES_AGGRESSIVE;
				GCC_WARN_UNUSED_FUNCTION = YES;
				GCC_WARN_UNUSED_VARIABLE = YES;
				IPHONEOS_DEPLOYMENT_TARGET = 11.4;
				MTL_ENABLE_DEBUG_INFO = NO;
				SDKROOT = iphoneos;
				SWIFT_COMPILATION_MODE = wholemodule;
				SWIFT_OPTIMIZATION_LEVEL = "-O";
				VALIDATE_PRODUCT = YES;
			};
			name = Release;
		};
		8234ABDA215BDE24007FAA8F /* Debug */ = {
			isa = XCBuildConfiguration;
			buildSettings = {
				ASSETCATALOG_COMPILER_APPICON_NAME = AppIcon;
				CODE_SIGN_STYLE = Automatic;
				DEVELOPMENT_TEAM = ZU249MQU66;
				INFOPLIST_FILE = SooToDo/Info.plist;
				LD_RUNPATH_SEARCH_PATHS = (
					"$(inherited)",
					"@executable_path/Frameworks",
				);
				PRODUCT_BUNDLE_IDENTIFIER = com.rd1.SooToDo;
				PRODUCT_NAME = "$(TARGET_NAME)";
				SWIFT_VERSION = 4.0;
				TARGETED_DEVICE_FAMILY = "1,2";
			};
			name = Debug;
		};
		8234ABDB215BDE24007FAA8F /* Release */ = {
			isa = XCBuildConfiguration;
			buildSettings = {
				ASSETCATALOG_COMPILER_APPICON_NAME = AppIcon;
				CODE_SIGN_STYLE = Automatic;
				DEVELOPMENT_TEAM = ZU249MQU66;
				INFOPLIST_FILE = SooToDo/Info.plist;
				LD_RUNPATH_SEARCH_PATHS = (
					"$(inherited)",
					"@executable_path/Frameworks",
				);
				PRODUCT_BUNDLE_IDENTIFIER = com.rd1.SooToDo;
				PRODUCT_NAME = "$(TARGET_NAME)";
				SWIFT_VERSION = 4.0;
				TARGETED_DEVICE_FAMILY = "1,2";
			};
			name = Release;
		};
/* End XCBuildConfiguration section */

/* Begin XCConfigurationList section */
		8234ABC2215BDE22007FAA8F /* Build configuration list for PBXProject "SooToDo" */ = {
			isa = XCConfigurationList;
			buildConfigurations = (
				8234ABD7215BDE24007FAA8F /* Debug */,
				8234ABD8215BDE24007FAA8F /* Release */,
			);
			defaultConfigurationIsVisible = 0;
			defaultConfigurationName = Release;
		};
		8234ABD9215BDE24007FAA8F /* Build configuration list for PBXNativeTarget "SooToDo" */ = {
			isa = XCConfigurationList;
			buildConfigurations = (
				8234ABDA215BDE24007FAA8F /* Debug */,
				8234ABDB215BDE24007FAA8F /* Release */,
			);
			defaultConfigurationIsVisible = 0;
			defaultConfigurationName = Release;
		};
/* End XCConfigurationList section */
	};
	rootObject = 8234ABBF215BDE22007FAA8F /* Project object */;
}
